
Microsoft Visual Studio Solution File, Format Version 12.00
# Visual Studio 15
VisualStudioVersion = 15.0.27703.2000
MinimumVisualStudioVersion = 10.0.40219.1
Project("{9A19103F-16F7-4668-BE54-9A1E7A4F7556}") = "DataServerApi", "DataServer\DataServerApi.csproj", "{4A59E0CB-9AB3-4F34-A53B-50E60613B523}"
EndProject
Project("{9A19103F-16F7-4668-BE54-9A1E7A4F7556}") = "DataRetriever", "DataRetriever\DataRetriever.csproj", "{518E1DBF-3CF7-416D-AFCD-5B235D821344}"
EndProject
Project("{FAE04EC0-301F-11D3-BF4B-00C04F79EFBC}") = "DataServer.RabbitMQ", "DataServer.RabbitMQ\DataServer.RabbitMQ.csproj", "{DA0C6157-C2E5-423E-BB55-C181E01FE487}"
EndProject
Global
	GlobalSection(SolutionConfigurationPlatforms) = preSolution
		Debug|Any CPU = Debug|Any CPU
		Release|Any CPU = Release|Any CPU
	EndGlobalSection
	GlobalSection(ProjectConfigurationPlatforms) = postSolution
		{4A59E0CB-9AB3-4F34-A53B-50E60613B523}.Debug|Any CPU.ActiveCfg = Debug|Any CPU
		{4A59E0CB-9AB3-4F34-A53B-50E60613B523}.Debug|Any CPU.Build.0 = Debug|Any CPU
		{4A59E0CB-9AB3-4F34-A53B-50E60613B523}.Release|Any CPU.ActiveCfg = Release|Any CPU
		{4A59E0CB-9AB3-4F34-A53B-50E60613B523}.Release|Any CPU.Build.0 = Release|Any CPU
		{518E1DBF-3CF7-416D-AFCD-5B235D821344}.Debug|Any CPU.ActiveCfg = Debug|Any CPU
		{518E1DBF-3CF7-416D-AFCD-5B235D821344}.Debug|Any CPU.Build.0 = Debug|Any CPU
		{518E1DBF-3CF7-416D-AFCD-5B235D821344}.Release|Any CPU.ActiveCfg = Release|Any CPU
		{518E1DBF-3CF7-416D-AFCD-5B235D821344}.Release|Any CPU.Build.0 = Release|Any CPU
		{DA0C6157-C2E5-423E-BB55-C181E01FE487}.Debug|Any CPU.ActiveCfg = Debug|Any CPU
		{DA0C6157-C2E5-423E-BB55-C181E01FE487}.Debug|Any CPU.Build.0 = Debug|Any CPU
		{DA0C6157-C2E5-423E-BB55-C181E01FE487}.Release|Any CPU.ActiveCfg = Release|Any CPU
		{DA0C6157-C2E5-423E-BB55-C181E01FE487}.Release|Any CPU.Build.0 = Release|Any CPU
	EndGlobalSection
	GlobalSection(SolutionProperties) = preSolution
		HideSolutionNode = FALSE
	EndGlobalSection
	GlobalSection(ExtensibilityGlobals) = postSolution
		SolutionGuid = {EB565B1E-D641-4926-B21D-1A0132D8C409}
	EndGlobalSection
EndGlobal
